
Microsoft Visual Studio Solution File, Format Version 12.00
# Visual Studio Version 17
VisualStudioVersion = 17.12.35506.116 d17.12
MinimumVisualStudioVersion = 10.0.40219.1
Project("{8BC9CEB8-8B4A-11D0-8D11-00A0C91BC942}") = "fmtlib", "fmtlib\fmtlib.vcxproj", "{7E9125D3-B20D-4689-A521-5A923BEBF444}"
EndProject
Project("{8BC9CEB8-8B4A-11D0-8D11-00A0C91BC942}") = "fmtlib_sample", "fmtlib_sample\fmtlib_sample.vcxproj", "{8A20942C-2831-43A6-A743-B5BAD60A062D}"
	ProjectSection(ProjectDependencies) = postProject
		{7E9125D3-B20D-4689-A521-5A923BEBF444} = {7E9125D3-B20D-4689-A521-5A923BEBF444}
	EndProjectSection
EndProject
Global
	GlobalSection(SolutionConfigurationPlatforms) = preSolution
		Debug|ORBIS = Debug|ORBIS
		Release|ORBIS = Release|ORBIS
	EndGlobalSection
	GlobalSection(ProjectConfigurationPlatforms) = postSolution
		{7E9125D3-B20D-4689-A521-5A923BEBF444}.Debug|ORBIS.ActiveCfg = Debug|ORBIS
		{7E9125D3-B20D-4689-A521-5A923BEBF444}.Debug|ORBIS.Build.0 = Debug|ORBIS
		{7E9125D3-B20D-4689-A521-5A923BEBF444}.Release|ORBIS.ActiveCfg = Release|ORBIS
		{7E9125D3-B20D-4689-A521-5A923BEBF444}.Release|ORBIS.Build.0 = Release|ORBIS
		{8A20942C-2831-43A6-A743-B5BAD60A062D}.Debug|ORBIS.ActiveCfg = Debug|ORBIS
		{8A20942C-2831-43A6-A743-B5BAD60A062D}.Debug|ORBIS.Build.0 = Debug|ORBIS
		{8A20942C-2831-43A6-A743-B5BAD60A062D}.Release|ORBIS.ActiveCfg = Release|ORBIS
		{8A20942C-2831-43A6-A743-B5BAD60A062D}.Release|ORBIS.Build.0 = Release|ORBIS
	EndGlobalSection
	GlobalSection(SolutionProperties) = preSolution
		HideSolutionNode = FALSE
	EndGlobalSection
EndGlobal
